// !$*UTF8*$!
{
	archiveVersion = 1;
	classes = {
	};
	objectVersion = 46;
	objects = {

/* Begin PBXBuildFile section */
		0910E8901BCD9ABA007AC97E /* SitesViewController.swift in Sources */ = {isa = PBXBuildFile; fileRef = 0910E88F1BCD9ABA007AC97E /* SitesViewController.swift */; settings = {ASSET_TAGS = (); }; };
		0910E8921BCD9B70007AC97E /* MeViewController.swift in Sources */ = {isa = PBXBuildFile; fileRef = 0910E8911BCD9B70007AC97E /* MeViewController.swift */; settings = {ASSET_TAGS = (); }; };
		0910E8941BCE081C007AC97E /* SiteleafAPIManager.swift in Sources */ = {isa = PBXBuildFile; fileRef = 0910E8931BCE081C007AC97E /* SiteleafAPIManager.swift */; settings = {ASSET_TAGS = (); }; };
		093BAEC31BD35BAF00F74CAC /* Serializer.swift in Sources */ = {isa = PBXBuildFile; fileRef = 093BAEC21BD35BAF00F74CAC /* Serializer.swift */; settings = {ASSET_TAGS = (); }; };
		0944E3C51BCB1522002A03AF /* Router.swift in Sources */ = {isa = PBXBuildFile; fileRef = 0944E3C41BCB1522002A03AF /* Router.swift */; settings = {ASSET_TAGS = (); }; };
		09D8A1B11B6C0FC1006D753B /* AppDelegate.swift in Sources */ = {isa = PBXBuildFile; fileRef = 09D8A1B01B6C0FC1006D753B /* AppDelegate.swift */; };
		09D8A1B31B6C0FC1006D753B /* LoginViewController.swift in Sources */ = {isa = PBXBuildFile; fileRef = 09D8A1B21B6C0FC1006D753B /* LoginViewController.swift */; };
		09D8A1B61B6C0FC1006D753B /* Main.storyboard in Resources */ = {isa = PBXBuildFile; fileRef = 09D8A1B41B6C0FC1006D753B /* Main.storyboard */; };
		09D8A1B81B6C0FC1006D753B /* Images.xcassets in Resources */ = {isa = PBXBuildFile; fileRef = 09D8A1B71B6C0FC1006D753B /* Images.xcassets */; };
		09D8A1BB1B6C0FC1006D753B /* LaunchScreen.xib in Resources */ = {isa = PBXBuildFile; fileRef = 09D8A1B91B6C0FC1006D753B /* LaunchScreen.xib */; };
		09D8A1C71B6C0FC1006D753B /* SiteleafTests.swift in Sources */ = {isa = PBXBuildFile; fileRef = 09D8A1C61B6C0FC1006D753B /* SiteleafTests.swift */; };
		09E881FE1BCAD2DC006941FF /* Site.swift in Sources */ = {isa = PBXBuildFile; fileRef = 09E881FD1BCAD2DC006941FF /* Site.swift */; settings = {ASSET_TAGS = (); }; };
		09FC55121BCF669100749523 /* PagesViewController.swift in Sources */ = {isa = PBXBuildFile; fileRef = 09FC55111BCF669100749523 /* PagesViewController.swift */; settings = {ASSET_TAGS = (); }; };
		9937507AE8CEF13D0C9FB1AD /* Pods.framework in Frameworks */ = {isa = PBXBuildFile; fileRef = D50C96E3E67A294AD3697BC6 /* Pods.framework */; };
/* End PBXBuildFile section */

/* Begin PBXContainerItemProxy section */
		09D8A1C11B6C0FC1006D753B /* PBXContainerItemProxy */ = {
			isa = PBXContainerItemProxy;
			containerPortal = 09D8A1A31B6C0FC1006D753B /* Project object */;
			proxyType = 1;
			remoteGlobalIDString = 09D8A1AA1B6C0FC1006D753B;
			remoteInfo = Siteleaf;
		};
/* End PBXContainerItemProxy section */

/* Begin PBXCopyFilesBuildPhase section */
		0995C41A1B6C7E7D0017265C /* Embed Frameworks */ = {
			isa = PBXCopyFilesBuildPhase;
			buildActionMask = 2147483647;
			dstPath = "";
			dstSubfolderSpec = 10;
			files = (
			);
			name = "Embed Frameworks";
			runOnlyForDeploymentPostprocessing = 0;
		};
/* End PBXCopyFilesBuildPhase section */

/* Begin PBXFileReference section */
		0910E88F1BCD9ABA007AC97E /* SitesViewController.swift */ = {isa = PBXFileReference; fileEncoding = 4; lastKnownFileType = sourcecode.swift; path = SitesViewController.swift; sourceTree = "<group>"; };
		0910E8911BCD9B70007AC97E /* MeViewController.swift */ = {isa = PBXFileReference; fileEncoding = 4; lastKnownFileType = sourcecode.swift; path = MeViewController.swift; sourceTree = "<group>"; };
		0910E8931BCE081C007AC97E /* SiteleafAPIManager.swift */ = {isa = PBXFileReference; fileEncoding = 4; lastKnownFileType = sourcecode.swift; path = SiteleafAPIManager.swift; sourceTree = "<group>"; };
		093BAEC21BD35BAF00F74CAC /* Serializer.swift */ = {isa = PBXFileReference; fileEncoding = 4; lastKnownFileType = sourcecode.swift; path = Serializer.swift; sourceTree = "<group>"; };
		0944E3C41BCB1522002A03AF /* Router.swift */ = {isa = PBXFileReference; fileEncoding = 4; lastKnownFileType = sourcecode.swift; path = Router.swift; sourceTree = "<group>"; };
		09D8A1AB1B6C0FC1006D753B /* Siteleaf.app */ = {isa = PBXFileReference; explicitFileType = wrapper.application; includeInIndex = 0; path = Siteleaf.app; sourceTree = BUILT_PRODUCTS_DIR; };
		09D8A1AF1B6C0FC1006D753B /* Info.plist */ = {isa = PBXFileReference; lastKnownFileType = text.plist.xml; path = Info.plist; sourceTree = "<group>"; };
		09D8A1B01B6C0FC1006D753B /* AppDelegate.swift */ = {isa = PBXFileReference; lastKnownFileType = sourcecode.swift; path = AppDelegate.swift; sourceTree = "<group>"; };
		09D8A1B21B6C0FC1006D753B /* LoginViewController.swift */ = {isa = PBXFileReference; lastKnownFileType = sourcecode.swift; path = LoginViewController.swift; sourceTree = "<group>"; };
		09D8A1B51B6C0FC1006D753B /* Base */ = {isa = PBXFileReference; lastKnownFileType = file.storyboard; name = Base; path = Base.lproj/Main.storyboard; sourceTree = "<group>"; };
		09D8A1B71B6C0FC1006D753B /* Images.xcassets */ = {isa = PBXFileReference; lastKnownFileType = folder.assetcatalog; path = Images.xcassets; sourceTree = "<group>"; };
		09D8A1BA1B6C0FC1006D753B /* Base */ = {isa = PBXFileReference; lastKnownFileType = file.xib; name = Base; path = Base.lproj/LaunchScreen.xib; sourceTree = "<group>"; };
		09D8A1C01B6C0FC1006D753B /* SiteleafTests.xctest */ = {isa = PBXFileReference; explicitFileType = wrapper.cfbundle; includeInIndex = 0; path = SiteleafTests.xctest; sourceTree = BUILT_PRODUCTS_DIR; };
		09D8A1C51B6C0FC1006D753B /* Info.plist */ = {isa = PBXFileReference; lastKnownFileType = text.plist.xml; path = Info.plist; sourceTree = "<group>"; };
		09D8A1C61B6C0FC1006D753B /* SiteleafTests.swift */ = {isa = PBXFileReference; lastKnownFileType = sourcecode.swift; path = SiteleafTests.swift; sourceTree = "<group>"; };
		09E881FD1BCAD2DC006941FF /* Site.swift */ = {isa = PBXFileReference; fileEncoding = 4; lastKnownFileType = sourcecode.swift; path = Site.swift; sourceTree = "<group>"; };
		09FC55111BCF669100749523 /* PagesViewController.swift */ = {isa = PBXFileReference; fileEncoding = 4; lastKnownFileType = sourcecode.swift; path = PagesViewController.swift; sourceTree = "<group>"; };
		41361F3C23065B493590197C /* Pods.release.xcconfig */ = {isa = PBXFileReference; includeInIndex = 1; lastKnownFileType = text.xcconfig; name = Pods.release.xcconfig; path = "Pods/Target Support Files/Pods/Pods.release.xcconfig"; sourceTree = "<group>"; };
		67AC734DA2D0F5AD92A11165 /* Pods.debug.xcconfig */ = {isa = PBXFileReference; includeInIndex = 1; lastKnownFileType = text.xcconfig; name = Pods.debug.xcconfig; path = "Pods/Target Support Files/Pods/Pods.debug.xcconfig"; sourceTree = "<group>"; };
		D50C96E3E67A294AD3697BC6 /* Pods.framework */ = {isa = PBXFileReference; explicitFileType = wrapper.framework; includeInIndex = 0; path = Pods.framework; sourceTree = BUILT_PRODUCTS_DIR; };
/* End PBXFileReference section */

/* Begin PBXFrameworksBuildPhase section */
		09D8A1A81B6C0FC1006D753B /* Frameworks */ = {
			isa = PBXFrameworksBuildPhase;
			buildActionMask = 2147483647;
			files = (
				9937507AE8CEF13D0C9FB1AD /* Pods.framework in Frameworks */,
			);
			runOnlyForDeploymentPostprocessing = 0;
		};
		09D8A1BD1B6C0FC1006D753B /* Frameworks */ = {
			isa = PBXFrameworksBuildPhase;
			buildActionMask = 2147483647;
			files = (
			);
			runOnlyForDeploymentPostprocessing = 0;
		};
/* End PBXFrameworksBuildPhase section */

/* Begin PBXGroup section */
		09D8A1A21B6C0FC1006D753B = {
			isa = PBXGroup;
			children = (
				09D8A1AD1B6C0FC1006D753B /* Siteleaf */,
				09D8A1C31B6C0FC1006D753B /* SiteleafTests */,
				09D8A1AC1B6C0FC1006D753B /* Products */,
				C7EBABF6FD9C8D947F92985D /* Pods */,
				E0C604E79A42FEEDEED1DB4E /* Frameworks */,
			);
			sourceTree = "<group>";
		};
		09D8A1AC1B6C0FC1006D753B /* Products */ = {
			isa = PBXGroup;
			children = (
				09D8A1AB1B6C0FC1006D753B /* Siteleaf.app */,
				09D8A1C01B6C0FC1006D753B /* SiteleafTests.xctest */,
			);
			name = Products;
			sourceTree = "<group>";
		};
		09D8A1AD1B6C0FC1006D753B /* Siteleaf */ = {
			isa = PBXGroup;
			children = (
				0944E3C41BCB1522002A03AF /* Router.swift */,
				093BAEC21BD35BAF00F74CAC /* Serializer.swift */,
				0910E8931BCE081C007AC97E /* SiteleafAPIManager.swift */,
				09D8A1B01B6C0FC1006D753B /* AppDelegate.swift */,
				09E881FD1BCAD2DC006941FF /* Site.swift */,
				09D8A1B21B6C0FC1006D753B /* LoginViewController.swift */,
				0910E88F1BCD9ABA007AC97E /* SitesViewController.swift */,
				09D8A1B41B6C0FC1006D753B /* Main.storyboard */,
				09FC55111BCF669100749523 /* PagesViewController.swift */,
				0910E8911BCD9B70007AC97E /* MeViewController.swift */,
				09D8A1B71B6C0FC1006D753B /* Images.xcassets */,
				09D8A1B91B6C0FC1006D753B /* LaunchScreen.xib */,
				09D8A1AE1B6C0FC1006D753B /* Supporting Files */,
			);
			path = Siteleaf;
			sourceTree = "<group>";
		};
		09D8A1AE1B6C0FC1006D753B /* Supporting Files */ = {
			isa = PBXGroup;
			children = (
				09D8A1AF1B6C0FC1006D753B /* Info.plist */,
			);
			name = "Supporting Files";
			sourceTree = "<group>";
		};
		09D8A1C31B6C0FC1006D753B /* SiteleafTests */ = {
			isa = PBXGroup;
			children = (
				09D8A1C61B6C0FC1006D753B /* SiteleafTests.swift */,
				09D8A1C41B6C0FC1006D753B /* Supporting Files */,
			);
			path = SiteleafTests;
			sourceTree = "<group>";
		};
		09D8A1C41B6C0FC1006D753B /* Supporting Files */ = {
			isa = PBXGroup;
			children = (
				09D8A1C51B6C0FC1006D753B /* Info.plist */,
			);
			name = "Supporting Files";
			sourceTree = "<group>";
		};
		C7EBABF6FD9C8D947F92985D /* Pods */ = {
			isa = PBXGroup;
			children = (
				67AC734DA2D0F5AD92A11165 /* Pods.debug.xcconfig */,
				41361F3C23065B493590197C /* Pods.release.xcconfig */,
			);
			name = Pods;
			sourceTree = "<group>";
		};
		E0C604E79A42FEEDEED1DB4E /* Frameworks */ = {
			isa = PBXGroup;
			children = (
				D50C96E3E67A294AD3697BC6 /* Pods.framework */,
			);
			name = Frameworks;
			sourceTree = "<group>";
		};
/* End PBXGroup section */

/* Begin PBXNativeTarget section */
		09D8A1AA1B6C0FC1006D753B /* Siteleaf */ = {
			isa = PBXNativeTarget;
			buildConfigurationList = 09D8A1CA1B6C0FC1006D753B /* Build configuration list for PBXNativeTarget "Siteleaf" */;
			buildPhases = (
				672CEBA8C179F4A69C30A080 /* Check Pods Manifest.lock */,
				09D8A1A71B6C0FC1006D753B /* Sources */,
				09D8A1A81B6C0FC1006D753B /* Frameworks */,
				09D8A1A91B6C0FC1006D753B /* Resources */,
				0995C41A1B6C7E7D0017265C /* Embed Frameworks */,
				A86EA14933FC0773F7F6DEF9 /* Embed Pods Frameworks */,
				309163B52C65C196F039756A /* Copy Pods Resources */,
			);
			buildRules = (
			);
			dependencies = (
			);
			name = Siteleaf;
			productName = Siteleaf;
			productReference = 09D8A1AB1B6C0FC1006D753B /* Siteleaf.app */;
			productType = "com.apple.product-type.application";
		};
		09D8A1BF1B6C0FC1006D753B /* SiteleafTests */ = {
			isa = PBXNativeTarget;
			buildConfigurationList = 09D8A1CD1B6C0FC1006D753B /* Build configuration list for PBXNativeTarget "SiteleafTests" */;
			buildPhases = (
				09D8A1BC1B6C0FC1006D753B /* Sources */,
				09D8A1BD1B6C0FC1006D753B /* Frameworks */,
				09D8A1BE1B6C0FC1006D753B /* Resources */,
			);
			buildRules = (
			);
			dependencies = (
				09D8A1C21B6C0FC1006D753B /* PBXTargetDependency */,
			);
			name = SiteleafTests;
			productName = SiteleafTests;
			productReference = 09D8A1C01B6C0FC1006D753B /* SiteleafTests.xctest */;
			productType = "com.apple.product-type.bundle.unit-test";
		};
/* End PBXNativeTarget section */

/* Begin PBXProject section */
		09D8A1A31B6C0FC1006D753B /* Project object */ = {
			isa = PBXProject;
			attributes = {
				LastSwiftMigration = 0700;
				LastSwiftUpdateCheck = 0700;
				LastUpgradeCheck = 0700;
				ORGANIZATIONNAME = "Kyle Tress";
				TargetAttributes = {
					09D8A1AA1B6C0FC1006D753B = {
						CreatedOnToolsVersion = 6.4;
					};
					09D8A1BF1B6C0FC1006D753B = {
						CreatedOnToolsVersion = 6.4;
						TestTargetID = 09D8A1AA1B6C0FC1006D753B;
					};
				};
			};
			buildConfigurationList = 09D8A1A61B6C0FC1006D753B /* Build configuration list for PBXProject "Siteleaf" */;
			compatibilityVersion = "Xcode 3.2";
			developmentRegion = English;
			hasScannedForEncodings = 0;
			knownRegions = (
				en,
				Base,
			);
			mainGroup = 09D8A1A21B6C0FC1006D753B;
			productRefGroup = 09D8A1AC1B6C0FC1006D753B /* Products */;
			projectDirPath = "";
			projectRoot = "";
			targets = (
				09D8A1AA1B6C0FC1006D753B /* Siteleaf */,
				09D8A1BF1B6C0FC1006D753B /* SiteleafTests */,
			);
		};
/* End PBXProject section */

/* Begin PBXResourcesBuildPhase section */
		09D8A1A91B6C0FC1006D753B /* Resources */ = {
			isa = PBXResourcesBuildPhase;
			buildActionMask = 2147483647;
			files = (
				09D8A1B61B6C0FC1006D753B /* Main.storyboard in Resources */,
				09D8A1BB1B6C0FC1006D753B /* LaunchScreen.xib in Resources */,
				09D8A1B81B6C0FC1006D753B /* Images.xcassets in Resources */,
			);
			runOnlyForDeploymentPostprocessing = 0;
		};
		09D8A1BE1B6C0FC1006D753B /* Resources */ = {
			isa = PBXResourcesBuildPhase;
			buildActionMask = 2147483647;
			files = (
			);
			runOnlyForDeploymentPostprocessing = 0;
		};
/* End PBXResourcesBuildPhase section */

/* Begin PBXShellScriptBuildPhase section */
		309163B52C65C196F039756A /* Copy Pods Resources */ = {
			isa = PBXShellScriptBuildPhase;
			buildActionMask = 2147483647;
			files = (
			);
			inputPaths = (
			);
			name = "Copy Pods Resources";
			outputPaths = (
			);
			runOnlyForDeploymentPostprocessing = 0;
			shellPath = /bin/sh;
			shellScript = "\"${SRCROOT}/Pods/Target Support Files/Pods/Pods-resources.sh\"\n";
			showEnvVarsInLog = 0;
		};
		672CEBA8C179F4A69C30A080 /* Check Pods Manifest.lock */ = {
			isa = PBXShellScriptBuildPhase;
			buildActionMask = 2147483647;
			files = (
			);
			inputPaths = (
			);
			name = "Check Pods Manifest.lock";
			outputPaths = (
			);
			runOnlyForDeploymentPostprocessing = 0;
			shellPath = /bin/sh;
			shellScript = "diff \"${PODS_ROOT}/../Podfile.lock\" \"${PODS_ROOT}/Manifest.lock\" > /dev/null\nif [[ $? != 0 ]] ; then\n    cat << EOM\nerror: The sandbox is not in sync with the Podfile.lock. Run 'pod install' or update your CocoaPods installation.\nEOM\n    exit 1\nfi\n";
			showEnvVarsInLog = 0;
		};
		A86EA14933FC0773F7F6DEF9 /* Embed Pods Frameworks */ = {
			isa = PBXShellScriptBuildPhase;
			buildActionMask = 2147483647;
			files = (
			);
			inputPaths = (
			);
			name = "Embed Pods Frameworks";
			outputPaths = (
			);
			runOnlyForDeploymentPostprocessing = 0;
			shellPath = /bin/sh;
			shellScript = "\"${SRCROOT}/Pods/Target Support Files/Pods/Pods-frameworks.sh\"\n";
			showEnvVarsInLog = 0;
		};
/* End PBXShellScriptBuildPhase section */

/* Begin PBXSourcesBuildPhase section */
		09D8A1A71B6C0FC1006D753B /* Sources */ = {
			isa = PBXSourcesBuildPhase;
			buildActionMask = 2147483647;
			files = (
				0910E8921BCD9B70007AC97E /* MeViewController.swift in Sources */,
				093BAEC31BD35BAF00F74CAC /* Serializer.swift in Sources */,
				09D8A1B31B6C0FC1006D753B /* LoginViewController.swift in Sources */,
				09D8A1B11B6C0FC1006D753B /* AppDelegate.swift in Sources */,
				09FC55121BCF669100749523 /* PagesViewController.swift in Sources */,
				0910E8901BCD9ABA007AC97E /* SitesViewController.swift in Sources */,
				0910E8941BCE081C007AC97E /* SiteleafAPIManager.swift in Sources */,
				0944E3C51BCB1522002A03AF /* Router.swift in Sources */,
				09E881FE1BCAD2DC006941FF /* Site.swift in Sources */,
			);
			runOnlyForDeploymentPostprocessing = 0;
		};
		09D8A1BC1B6C0FC1006D753B /* Sources */ = {
			isa = PBXSourcesBuildPhase;
			buildActionMask = 2147483647;
			files = (
				09D8A1C71B6C0FC1006D753B /* SiteleafTests.swift in Sources */,
			);
			runOnlyForDeploymentPostprocessing = 0;
		};
/* End PBXSourcesBuildPhase section */

/* Begin PBXTargetDependency section */
		09D8A1C21B6C0FC1006D753B /* PBXTargetDependency */ = {
			isa = PBXTargetDependency;
			target = 09D8A1AA1B6C0FC1006D753B /* Siteleaf */;
			targetProxy = 09D8A1C11B6C0FC1006D753B /* PBXContainerItemProxy */;
		};
/* End PBXTargetDependency section */

/* Begin PBXVariantGroup section */
		09D8A1B41B6C0FC1006D753B /* Main.storyboard */ = {
			isa = PBXVariantGroup;
			children = (
				09D8A1B51B6C0FC1006D753B /* Base */,
			);
			name = Main.storyboard;
			sourceTree = "<group>";
		};
		09D8A1B91B6C0FC1006D753B /* LaunchScreen.xib */ = {
			isa = PBXVariantGroup;
			children = (
				09D8A1BA1B6C0FC1006D753B /* Base */,
			);
			name = LaunchScreen.xib;
			sourceTree = "<group>";
		};
/* End PBXVariantGroup section */

/* Begin XCBuildConfiguration section */
		09D8A1C81B6C0FC1006D753B /* Debug */ = {
			isa = XCBuildConfiguration;
			buildSettings = {
				ALWAYS_SEARCH_USER_PATHS = NO;
				CLANG_CXX_LANGUAGE_STANDARD = "gnu++0x";
				CLANG_CXX_LIBRARY = "libc++";
				CLANG_ENABLE_MODULES = YES;
				CLANG_ENABLE_OBJC_ARC = YES;
				CLANG_WARN_BOOL_CONVERSION = YES;
				CLANG_WARN_CONSTANT_CONVERSION = YES;
				CLANG_WARN_DIRECT_OBJC_ISA_USAGE = YES_ERROR;
				CLANG_WARN_EMPTY_BODY = YES;
				CLANG_WARN_ENUM_CONVERSION = YES;
				CLANG_WARN_INT_CONVERSION = YES;
				CLANG_WARN_OBJC_ROOT_CLASS = YES_ERROR;
				CLANG_WARN_UNREACHABLE_CODE = YES;
				CLANG_WARN__DUPLICATE_METHOD_MATCH = YES;
				"CODE_SIGN_IDENTITY[sdk=iphoneos*]" = "iPhone Developer";
				COPY_PHASE_STRIP = NO;
				DEBUG_INFORMATION_FORMAT = "dwarf-with-dsym";
				ENABLE_STRICT_OBJC_MSGSEND = YES;
				ENABLE_TESTABILITY = YES;
				GCC_C_LANGUAGE_STANDARD = gnu99;
				GCC_DYNAMIC_NO_PIC = NO;
				GCC_NO_COMMON_BLOCKS = YES;
				GCC_OPTIMIZATION_LEVEL = 0;
				GCC_PREPROCESSOR_DEFINITIONS = (
					"DEBUG=1",
					"$(inherited)",
				);
				GCC_SYMBOLS_PRIVATE_EXTERN = NO;
				GCC_WARN_64_TO_32_BIT_CONVERSION = YES;
				GCC_WARN_ABOUT_RETURN_TYPE = YES_ERROR;
				GCC_WARN_UNDECLARED_SELECTOR = YES;
				GCC_WARN_UNINITIALIZED_AUTOS = YES_AGGRESSIVE;
				GCC_WARN_UNUSED_FUNCTION = YES;
				GCC_WARN_UNUSED_VARIABLE = YES;
				IPHONEOS_DEPLOYMENT_TARGET = 9.0;
				MTL_ENABLE_DEBUG_INFO = YES;
				ONLY_ACTIVE_ARCH = YES;
				SDKROOT = iphoneos;
				SWIFT_OPTIMIZATION_LEVEL = "-Onone";
			};
			name = Debug;
		};
		09D8A1C91B6C0FC1006D753B /* Release */ = {
			isa = XCBuildConfiguration;
			buildSettings = {
				ALWAYS_SEARCH_USER_PATHS = NO;
				CLANG_CXX_LANGUAGE_STANDARD = "gnu++0x";
				CLANG_CXX_LIBRARY = "libc++";
				CLANG_ENABLE_MODULES = YES;
				CLANG_ENABLE_OBJC_ARC = YES;
				CLANG_WARN_BOOL_CONVERSION = YES;
				CLANG_WARN_CONSTANT_CONVERSION = YES;
				CLANG_WARN_DIRECT_OBJC_ISA_USAGE = YES_ERROR;
				CLANG_WARN_EMPTY_BODY = YES;
				CLANG_WARN_ENUM_CONVERSION = YES;
				CLANG_WARN_INT_CONVERSION = YES;
				CLANG_WARN_OBJC_ROOT_CLASS = YES_ERROR;
				CLANG_WARN_UNREACHABLE_CODE = YES;
				CLANG_WARN__DUPLICATE_METHOD_MATCH = YES;
				"CODE_SIGN_IDENTITY[sdk=iphoneos*]" = "iPhone Developer";
				COPY_PHASE_STRIP = NO;
				DEBUG_INFORMATION_FORMAT = "dwarf-with-dsym";
				ENABLE_NS_ASSERTIONS = NO;
				ENABLE_STRICT_OBJC_MSGSEND = YES;
				GCC_C_LANGUAGE_STANDARD = gnu99;
				GCC_NO_COMMON_BLOCKS = YES;
				GCC_WARN_64_TO_32_BIT_CONVERSION = YES;
				GCC_WARN_ABOUT_RETURN_TYPE = YES_ERROR;
				GCC_WARN_UNDECLARED_SELECTOR = YES;
				GCC_WARN_UNINITIALIZED_AUTOS = YES_AGGRESSIVE;
				GCC_WARN_UNUSED_FUNCTION = YES;
				GCC_WARN_UNUSED_VARIABLE = YES;
				IPHONEOS_DEPLOYMENT_TARGET = 9.0;
				MTL_ENABLE_DEBUG_INFO = NO;
				SDKROOT = iphoneos;
				VALIDATE_PRODUCT = YES;
			};
			name = Release;
		};
		09D8A1CB1B6C0FC1006D753B /* Debug */ = {
			isa = XCBuildConfiguration;
			baseConfigurationReference = 67AC734DA2D0F5AD92A11165 /* Pods.debug.xcconfig */;
			buildSettings = {
				ASSETCATALOG_COMPILER_APPICON_NAME = AppIcon;
				EMBEDDED_CONTENT_CONTAINS_SWIFT = YES;
				INFOPLIST_FILE = Siteleaf/Info.plist;
				LD_RUNPATH_SEARCH_PATHS = "$(inherited) @executable_path/Frameworks";
				PRODUCT_BUNDLE_IDENTIFIER = "com.kyletress.$(PRODUCT_NAME:rfc1034identifier)";
				PRODUCT_NAME = "$(TARGET_NAME)";
			};
			name = Debug;
		};
		09D8A1CC1B6C0FC1006D753B /* Release */ = {
			isa = XCBuildConfiguration;
			baseConfigurationReference = 41361F3C23065B493590197C /* Pods.release.xcconfig */;
			buildSettings = {
				ASSETCATALOG_COMPILER_APPICON_NAME = AppIcon;
				EMBEDDED_CONTENT_CONTAINS_SWIFT = YES;
				INFOPLIST_FILE = Siteleaf/Info.plist;
				LD_RUNPATH_SEARCH_PATHS = "$(inherited) @executable_path/Frameworks";
				PRODUCT_BUNDLE_IDENTIFIER = "com.kyletress.$(PRODUCT_NAME:rfc1034identifier)";
				PRODUCT_NAME = "$(TARGET_NAME)";
			};
			name = Release;
		};
		09D8A1CE1B6C0FC1006D753B /* Debug */ = {
			isa = XCBuildConfiguration;
			buildSettings = {
				BUNDLE_LOADER = "$(TEST_HOST)";
				FRAMEWORK_SEARCH_PATHS = (
					"$(SDKROOT)/Developer/Library/Frameworks",
					"$(inherited)",
				);
				GCC_PREPROCESSOR_DEFINITIONS = (
					"DEBUG=1",
					"$(inherited)",
				);
				INFOPLIST_FILE = SiteleafTests/Info.plist;
				LD_RUNPATH_SEARCH_PATHS = "$(inherited) @executable_path/Frameworks @loader_path/Frameworks";
				PRODUCT_BUNDLE_IDENTIFIER = "com.kyletress.$(PRODUCT_NAME:rfc1034identifier)";
				PRODUCT_NAME = "$(TARGET_NAME)";
				TEST_HOST = "$(BUILT_PRODUCTS_DIR)/Siteleaf.app/Siteleaf";
			};
			name = Debug;
		};
		09D8A1CF1B6C0FC1006D753B /* Release */ = {
			isa = XCBuildConfiguration;
			buildSettings = {
				BUNDLE_LOADER = "$(TEST_HOST)";
				FRAMEWORK_SEARCH_PATHS = (
					"$(SDKROOT)/Developer/Library/Frameworks",
					"$(inherited)",
				);
				INFOPLIST_FILE = SiteleafTests/Info.plist;
				LD_RUNPATH_SEARCH_PATHS = "$(inherited) @executable_path/Frameworks @loader_path/Frameworks";
				PRODUCT_BUNDLE_IDENTIFIER = "com.kyletress.$(PRODUCT_NAME:rfc1034identifier)";
				PRODUCT_NAME = "$(TARGET_NAME)";
				TEST_HOST = "$(BUILT_PRODUCTS_DIR)/Siteleaf.app/Siteleaf";
			};
			name = Release;
		};
/* End XCBuildConfiguration section */

/* Begin XCConfigurationList section */
		09D8A1A61B6C0FC1006D753B /* Build configuration list for PBXProject "Siteleaf" */ = {
			isa = XCConfigurationList;
			buildConfigurations = (
				09D8A1C81B6C0FC1006D753B /* Debug */,
				09D8A1C91B6C0FC1006D753B /* Release */,
			);
			defaultConfigurationIsVisible = 0;
			defaultConfigurationName = Release;
		};
		09D8A1CA1B6C0FC1006D753B /* Build configuration list for PBXNativeTarget "Siteleaf" */ = {
			isa = XCConfigurationList;
			buildConfigurations = (
				09D8A1CB1B6C0FC1006D753B /* Debug */,
				09D8A1CC1B6C0FC1006D753B /* Release */,
			);
			defaultConfigurationIsVisible = 0;
			defaultConfigurationName = Release;
		};
		09D8A1CD1B6C0FC1006D753B /* Build configuration list for PBXNativeTarget "SiteleafTests" */ = {
			isa = XCConfigurationList;
			buildConfigurations = (
				09D8A1CE1B6C0FC1006D753B /* Debug */,
				09D8A1CF1B6C0FC1006D753B /* Release */,
			);
			defaultConfigurationIsVisible = 0;
			defaultConfigurationName = Release;
		};
/* End XCConfigurationList section */
	};
	rootObject = 09D8A1A31B6C0FC1006D753B /* Project object */;
}
